
Microsoft Visual Studio Solution File, Format Version 12.00
# Visual Studio Version 17
VisualStudioVersion = 17.3.32929.385
MinimumVisualStudioVersion = 10.0.40219.1
Project("{FAE04EC0-301F-11D3-BF4B-00C04F79EFBC}") = "merge_sort", "stanford-algorithms\merge_sort.csproj", "{0437ED99-0F0F-4375-BA66-549C0874AC75}"
EndProject
Global
	GlobalSection(SolutionConfigurationPlatforms) = preSolution
		Debug|Any CPU = Debug|Any CPU
		Release|Any CPU = Release|Any CPU
	EndGlobalSection
	GlobalSection(ProjectConfigurationPlatforms) = postSolution
		{0437ED99-0F0F-4375-BA66-549C0874AC75}.Debug|Any CPU.ActiveCfg = Debug|Any CPU
		{0437ED99-0F0F-4375-BA66-549C0874AC75}.Debug|Any CPU.Build.0 = Debug|Any CPU
		{0437ED99-0F0F-4375-BA66-549C0874AC75}.Release|Any CPU.ActiveCfg = Release|Any CPU
		{0437ED99-0F0F-4375-BA66-549C0874AC75}.Release|Any CPU.Build.0 = Release|Any CPU
	EndGlobalSection
	GlobalSection(SolutionProperties) = preSolution
		HideSolutionNode = FALSE
	EndGlobalSection
	GlobalSection(ExtensibilityGlobals) = postSolution
		SolutionGuid = {38FD45CE-641B-4382-933F-1CC44F031477}
	EndGlobalSection
EndGlobal
